
Microsoft Visual Studio Solution File, Format Version 12.00
Project("{FAE04EC0-301F-11D3-BF4B-00C04F79EFBC}") = "Heartbeat", "Heartbeat.csproj", "{9FADCB1B-D32C-4AA3-915F-13378C34F8A7}"
EndProject
Global
	GlobalSection(SolutionConfigurationPlatforms) = preSolution
		Debug|Any CPU = Debug|Any CPU
		Release|Any CPU = Release|Any CPU
	EndGlobalSection
	GlobalSection(ProjectConfigurationPlatforms) = postSolution
		{9FADCB1B-D32C-4AA3-915F-13378C34F8A7}.Debug|Any CPU.ActiveCfg = Debug|Any CPU
		{9FADCB1B-D32C-4AA3-915F-13378C34F8A7}.Debug|Any CPU.Build.0 = Debug|Any CPU
		{9FADCB1B-D32C-4AA3-915F-13378C34F8A7}.Release|Any CPU.ActiveCfg = Release|Any CPU
		{9FADCB1B-D32C-4AA3-915F-13378C34F8A7}.Release|Any CPU.Build.0 = Release|Any CPU
	EndGlobalSection
EndGlobal
